version = 1
requires-python = ">=3.8"

[manifest]
members = [
    "opentelemetry-instrumentation",
    "opentelemetry-instrumentation-httpx",
    "opentelemetry-python-contrib",
    "opentelemetry-util-http",
]

[[package]]
name = "anyio"
version = "4.5.2"
source = { registry = "https://pypi.org/simple" }
dependencies = [
    { name = "exceptiongroup", marker = "python_full_version < '3.11'" },
    { name = "idna" },
    { name = "sniffio" },
    { name = "typing-extensions", marker = "python_full_version < '3.11'" },
]
sdist = { url = "https://files.pythonhosted.org/packages/4d/f9/9a7ce600ebe7804daf90d4d48b1c0510a4561ddce43a596be46676f82343/anyio-4.5.2.tar.gz", hash = "sha256:23009af4ed04ce05991845451e11ef02fc7c5ed29179ac9a420e5ad0ac7ddc5b", size = 171293 }
wheels = [
    { url = "https://files.pythonhosted.org/packages/1b/b4/f7e396030e3b11394436358ca258a81d6010106582422f23443c16ca1873/anyio-4.5.2-py3-none-any.whl", hash = "sha256:c011ee36bc1e8ba40e5a81cb9df91925c218fe9b778554e0b56a21e1b5d4716f", size = 89766 },
]

[[package]]
name = "asgiref"
version = "3.8.1"
source = { registry = "https://pypi.org/simple" }
dependencies = [
    { name = "typing-extensions", marker = "python_full_version < '3.11'" },
]
sdist = { url = "https://files.pythonhosted.org/packages/29/38/b3395cc9ad1b56d2ddac9970bc8f4141312dbaec28bc7c218b0dfafd0f42/asgiref-3.8.1.tar.gz", hash = "sha256:c343bd80a0bec947a9860adb4c432ffa7db769836c64238fc34bdc3fec84d590", size = 35186 }
wheels = [
    { url = "https://files.pythonhosted.org/packages/39/e3/893e8757be2612e6c266d9bb58ad2e3651524b5b40cf56761e985a28b13e/asgiref-3.8.1-py3-none-any.whl", hash = "sha256:3e1e3ecc849832fe52ccf2cb6686b7a55f82bb1d6aee72a58826471390335e47", size = 23828 },
]

[[package]]
name = "certifi"
version = "2024.12.14"
source = { registry = "https://pypi.org/simple" }
sdist = { url = "https://files.pythonhosted.org/packages/0f/bd/1d41ee578ce09523c81a15426705dd20969f5abf006d1afe8aeff0dd776a/certifi-2024.12.14.tar.gz", hash = "sha256:b650d30f370c2b724812bee08008be0c4163b163ddaec3f2546c1caf65f191db", size = 166010 }
wheels = [
    { url = "https://files.pythonhosted.org/packages/a5/32/8f6669fc4798494966bf446c8c4a162e0b5d893dff088afddf76414f70e1/certifi-2024.12.14-py3-none-any.whl", hash = "sha256:1275f7a45be9464efc1173084eaa30f866fe2e47d389406136d332ed4967ec56", size = 164927 },
]

[[package]]
name = "deprecated"
version = "1.2.15"
source = { registry = "https://pypi.org/simple" }
dependencies = [
    { name = "wrapt" },
]
sdist = { url = "https://files.pythonhosted.org/packages/2e/a3/53e7d78a6850ffdd394d7048a31a6f14e44900adedf190f9a165f6b69439/deprecated-1.2.15.tar.gz", hash = "sha256:683e561a90de76239796e6b6feac66b99030d2dd3fcf61ef996330f14bbb9b0d", size = 2977612 }
wheels = [
    { url = "https://files.pythonhosted.org/packages/1d/8f/c7f227eb42cfeaddce3eb0c96c60cbca37797fa7b34f8e1aeadf6c5c0983/Deprecated-1.2.15-py2.py3-none-any.whl", hash = "sha256:353bc4a8ac4bfc96800ddab349d89c25dec1079f65fd53acdcc1e0b975b21320", size = 9941 },
]

[[package]]
name = "exceptiongroup"
version = "1.2.2"
source = { registry = "https://pypi.org/simple" }
sdist = { url = "https://files.pythonhosted.org/packages/09/35/2495c4ac46b980e4ca1f6ad6db102322ef3ad2410b79fdde159a4b0f3b92/exceptiongroup-1.2.2.tar.gz", hash = "sha256:47c2edf7c6738fafb49fd34290706d1a1a2f4d1c6df275526b62cbb4aa5393cc", size = 28883 }
wheels = [
    { url = "https://files.pythonhosted.org/packages/02/cc/b7e31358aac6ed1ef2bb790a9746ac2c69bcb3c8588b41616914eb106eaf/exceptiongroup-1.2.2-py3-none-any.whl", hash = "sha256:3111b9d131c238bec2f8f516e123e14ba243563fb135d3fe885990585aa7795b", size = 16453 },
]

[[package]]
name = "h11"
version = "0.14.0"
source = { registry = "https://pypi.org/simple" }
sdist = { url = "https://files.pythonhosted.org/packages/f5/38/3af3d3633a34a3316095b39c8e8fb4853a28a536e55d347bd8d8e9a14b03/h11-0.14.0.tar.gz", hash = "sha256:8f19fbbe99e72420ff35c00b27a34cb9937e902a8b810e2c88300c6f0a3b699d", size = 100418 }
wheels = [
    { url = "https://files.pythonhosted.org/packages/95/04/ff642e65ad6b90db43e668d70ffb6736436c7ce41fcc549f4e9472234127/h11-0.14.0-py3-none-any.whl", hash = "sha256:e3fe4ac4b851c468cc8363d500db52c2ead036020723024a109d37346efaa761", size = 58259 },
]

[[package]]
name = "httpcore"
version = "1.0.7"
source = { registry = "https://pypi.org/simple" }
dependencies = [
    { name = "certifi" },
    { name = "h11" },
]
sdist = { url = "https://files.pythonhosted.org/packages/6a/41/d7d0a89eb493922c37d343b607bc1b5da7f5be7e383740b4753ad8943e90/httpcore-1.0.7.tar.gz", hash = "sha256:8551cb62a169ec7162ac7be8d4817d561f60e08eaa485234898414bb5a8a0b4c", size = 85196 }
wheels = [
    { url = "https://files.pythonhosted.org/packages/87/f5/72347bc88306acb359581ac4d52f23c0ef445b57157adedb9aee0cd689d2/httpcore-1.0.7-py3-none-any.whl", hash = "sha256:a3fff8f43dc260d5bd363d9f9cf1830fa3a458b332856f34282de498ed420edd", size = 78551 },
]

[[package]]
name = "httpx"
version = "0.28.1"
source = { registry = "https://pypi.org/simple" }
dependencies = [
    { name = "anyio" },
    { name = "certifi" },
    { name = "httpcore" },
    { name = "idna" },
]
sdist = { url = "https://files.pythonhosted.org/packages/b1/df/48c586a5fe32a0f01324ee087459e112ebb7224f646c0b5023f5e79e9956/httpx-0.28.1.tar.gz", hash = "sha256:75e98c5f16b0f35b567856f597f06ff2270a374470a5c2392242528e3e3e42fc", size = 141406 }
wheels = [
    { url = "https://files.pythonhosted.org/packages/2a/39/e50c7c3a983047577ee07d2a9e53faf5a69493943ec3f6a384bdc792deb2/httpx-0.28.1-py3-none-any.whl", hash = "sha256:d909fcccc110f8c7faf814ca82a9a4d816bc5a6dbfea25d6591d6985b8ba59ad", size = 73517 },
]

[[package]]
name = "idna"
version = "3.10"
source = { registry = "https://pypi.org/simple" }
sdist = { url = "https://files.pythonhosted.org/packages/f1/70/7703c29685631f5a7590aa73f1f1d3fa9a380e654b86af429e0934a32f7d/idna-3.10.tar.gz", hash = "sha256:12f65c9b470abda6dc35cf8e63cc574b1c52b11df2c86030af0ac09b01b13ea9", size = 190490 }
wheels = [
    { url = "https://files.pythonhosted.org/packages/76/c6/c88e154df9c4e1a2a66ccf0005a88dfb2650c1dffb6f5ce603dfbd452ce3/idna-3.10-py3-none-any.whl", hash = "sha256:946d195a0d259cbba61165e88e65941f16e9b36ea6ddb97f00452bae8b1287d3", size = 70442 },
]

[[package]]
name = "importlib-metadata"
version = "8.5.0"
source = { registry = "https://pypi.org/simple" }
dependencies = [
    { name = "zipp" },
]
sdist = { url = "https://files.pythonhosted.org/packages/cd/12/33e59336dca5be0c398a7482335911a33aa0e20776128f038019f1a95f1b/importlib_metadata-8.5.0.tar.gz", hash = "sha256:71522656f0abace1d072b9e5481a48f07c138e00f079c38c8f883823f9c26bd7", size = 55304 }
wheels = [
    { url = "https://files.pythonhosted.org/packages/a0/d9/a1e041c5e7caa9a05c925f4bdbdfb7f006d1f74996af53467bc394c97be7/importlib_metadata-8.5.0-py3-none-any.whl", hash = "sha256:45e54197d28b7a7f1559e60b95e7c567032b602131fbd588f1497f47880aa68b", size = 26514 },
]

[[package]]
name = "opentelemetry-api"
version = "1.30.0.dev0"
source = { git = "https://github.com/open-telemetry/opentelemetry-python?subdirectory=opentelemetry-api&branch=main#9e94fd2650a1567f1f3a3d72247d0bf1525c4a17" }
dependencies = [
    { name = "deprecated" },
    { name = "importlib-metadata" },
]

[[package]]
name = "opentelemetry-instrumentation"
version = "0.51b0.dev0"
source = { editable = "opentelemetry-instrumentation" }
dependencies = [
    { name = "opentelemetry-api" },
    { name = "opentelemetry-semantic-conventions" },
    { name = "packaging" },
    { name = "wrapt" },
]

[package.metadata]
requires-dist = [
    { name = "opentelemetry-api", git = "https://github.com/open-telemetry/opentelemetry-python?subdirectory=opentelemetry-api&branch=main" },
    { name = "opentelemetry-semantic-conventions", git = "https://github.com/open-telemetry/opentelemetry-python?subdirectory=opentelemetry-semantic-conventions&branch=main" },
    { name = "packaging", specifier = ">=18.0" },
    { name = "wrapt", specifier = ">=1.0.0,<2.0.0" },
]

[[package]]
name = "opentelemetry-instrumentation-httpx"
version = "0.51b0.dev0"
source = { editable = "instrumentation/opentelemetry-instrumentation-httpx" }
dependencies = [
    { name = "opentelemetry-api" },
    { name = "opentelemetry-instrumentation" },
    { name = "opentelemetry-semantic-conventions" },
    { name = "opentelemetry-util-http" },
    { name = "wrapt" },
]

[package.optional-dependencies]
instruments = [
    { name = "httpx" },
]

[package.metadata]
requires-dist = [
    { name = "httpx", marker = "extra == 'instruments'", specifier = ">=0.18.0" },
    { name = "opentelemetry-api", git = "https://github.com/open-telemetry/opentelemetry-python?subdirectory=opentelemetry-api&branch=main" },
    { name = "opentelemetry-instrumentation", editable = "opentelemetry-instrumentation" },
    { name = "opentelemetry-semantic-conventions", git = "https://github.com/open-telemetry/opentelemetry-python?subdirectory=opentelemetry-semantic-conventions&branch=main" },
    { name = "opentelemetry-util-http", editable = "util/opentelemetry-util-http" },
    { name = "wrapt", specifier = ">=1.0.0,<2.0.0" },
]

[[package]]
name = "opentelemetry-python-contrib"
version = "0.0.0"
source = { virtual = "." }
dependencies = [
    { name = "opentelemetry-api" },
    { name = "opentelemetry-instrumentation" },
    { name = "opentelemetry-instrumentation-httpx", extra = ["instruments"] },
    { name = "opentelemetry-sdk" },
    { name = "opentelemetry-semantic-conventions" },
    { name = "opentelemetry-test-utils" },
    { name = "opentelemetry-util-http" },
]

[package.metadata]
requires-dist = [
    { name = "opentelemetry-api", git = "https://github.com/open-telemetry/opentelemetry-python?subdirectory=opentelemetry-api&branch=main" },
    { name = "opentelemetry-instrumentation", editable = "opentelemetry-instrumentation" },
    { name = "opentelemetry-instrumentation-httpx", extras = ["instruments"], editable = "instrumentation/opentelemetry-instrumentation-httpx" },
    { name = "opentelemetry-sdk", git = "https://github.com/open-telemetry/opentelemetry-python?subdirectory=opentelemetry-sdk&branch=main" },
    { name = "opentelemetry-semantic-conventions", git = "https://github.com/open-telemetry/opentelemetry-python?subdirectory=opentelemetry-semantic-conventions&branch=main" },
    { name = "opentelemetry-test-utils", git = "https://github.com/open-telemetry/opentelemetry-python?subdirectory=tests%2Fopentelemetry-test-utils&branch=main" },
    { name = "opentelemetry-util-http", editable = "util/opentelemetry-util-http" },
]

[[package]]
name = "opentelemetry-sdk"
version = "1.30.0.dev0"
source = { git = "https://github.com/open-telemetry/opentelemetry-python?subdirectory=opentelemetry-sdk&branch=main#9e94fd2650a1567f1f3a3d72247d0bf1525c4a17" }
dependencies = [
    { name = "opentelemetry-api" },
    { name = "opentelemetry-semantic-conventions" },
    { name = "typing-extensions" },
]

[[package]]
name = "opentelemetry-semantic-conventions"
version = "0.51b0.dev0"
source = { git = "https://github.com/open-telemetry/opentelemetry-python?subdirectory=opentelemetry-semantic-conventions&branch=main#9e94fd2650a1567f1f3a3d72247d0bf1525c4a17" }
dependencies = [
    { name = "deprecated" },
    { name = "opentelemetry-api" },
]

[[package]]
name = "opentelemetry-test-utils"
version = "0.51b0.dev0"
source = { git = "https://github.com/open-telemetry/opentelemetry-python?subdirectory=tests%2Fopentelemetry-test-utils&branch=main#9e94fd2650a1567f1f3a3d72247d0bf1525c4a17" }
dependencies = [
    { name = "asgiref" },
    { name = "opentelemetry-api" },
    { name = "opentelemetry-sdk" },
]

[[package]]
name = "opentelemetry-util-http"
version = "0.51b0.dev0"
source = { editable = "util/opentelemetry-util-http" }

[[package]]
name = "packaging"
version = "24.2"
source = { registry = "https://pypi.org/simple" }
sdist = { url = "https://files.pythonhosted.org/packages/d0/63/68dbb6eb2de9cb10ee4c9c14a0148804425e13c4fb20d61cce69f53106da/packaging-24.2.tar.gz", hash = "sha256:c228a6dc5e932d346bc5739379109d49e8853dd8223571c7c5b55260edc0b97f", size = 163950 }
wheels = [
    { url = "https://files.pythonhosted.org/packages/88/ef/eb23f262cca3c0c4eb7ab1933c3b1f03d021f2c48f54763065b6f0e321be/packaging-24.2-py3-none-any.whl", hash = "sha256:09abb1bccd265c01f4a3aa3f7a7db064b36514d2cba19a2f694fe6150451a759", size = 65451 },
]

[[package]]
name = "sniffio"
version = "1.3.1"
source = { registry = "https://pypi.org/simple" }
sdist = { url = "https://files.pythonhosted.org/packages/a2/87/a6771e1546d97e7e041b6ae58d80074f81b7d5121207425c964ddf5cfdbd/sniffio-1.3.1.tar.gz", hash = "sha256:f4324edc670a0f49750a81b895f35c3adb843cca46f0530f79fc1babb23789dc", size = 20372 }
wheels = [
    { url = "https://files.pythonhosted.org/packages/e9/44/75a9c9421471a6c4805dbf2356f7c181a29c1879239abab1ea2cc8f38b40/sniffio-1.3.1-py3-none-any.whl", hash = "sha256:2f6da418d1f1e0fddd844478f41680e794e6051915791a034ff65e5f100525a2", size = 10235 },
]

[[package]]
name = "typing-extensions"
version = "4.12.2"
source = { registry = "https://pypi.org/simple" }
sdist = { url = "https://files.pythonhosted.org/packages/df/db/f35a00659bc03fec321ba8bce9420de607a1d37f8342eee1863174c69557/typing_extensions-4.12.2.tar.gz", hash = "sha256:1a7ead55c7e559dd4dee8856e3a88b41225abfe1ce8df57b7c13915fe121ffb8", size = 85321 }
wheels = [
    { url = "https://files.pythonhosted.org/packages/26/9f/ad63fc0248c5379346306f8668cda6e2e2e9c95e01216d2b8ffd9ff037d0/typing_extensions-4.12.2-py3-none-any.whl", hash = "sha256:04e5ca0351e0f3f85c6853954072df659d0d13fac324d0072316b67d7794700d", size = 37438 },
]

[[package]]
name = "wrapt"
version = "1.17.0"
source = { registry = "https://pypi.org/simple" }
sdist = { url = "https://files.pythonhosted.org/packages/24/a1/fc03dca9b0432725c2e8cdbf91a349d2194cf03d8523c124faebe581de09/wrapt-1.17.0.tar.gz", hash = "sha256:16187aa2317c731170a88ef35e8937ae0f533c402872c1ee5e6d079fcf320801", size = 55542 }
wheels = [
    { url = "https://files.pythonhosted.org/packages/99/f9/85220321e9bb1a5f72ccce6604395ae75fcb463d87dad0014dc1010bd1f1/wrapt-1.17.0-cp310-cp310-macosx_11_0_arm64.whl", hash = "sha256:2a0c23b8319848426f305f9cb0c98a6e32ee68a36264f45948ccf8e7d2b941f8", size = 38766 },
    { url = "https://files.pythonhosted.org/packages/ff/71/ff624ff3bde91ceb65db6952cdf8947bc0111d91bd2359343bc2fa7c57fd/wrapt-1.17.0-cp310-cp310-manylinux_2_17_aarch64.manylinux2014_aarch64.whl", hash = "sha256:b1ca5f060e205f72bec57faae5bd817a1560fcfc4af03f414b08fa29106b7e2d", size = 83262 },
    { url = "https://files.pythonhosted.org/packages/9f/0a/814d4a121a643af99cfe55a43e9e6dd08f4a47cdac8e8f0912c018794715/wrapt-1.17.0-cp310-cp310-manylinux_2_5_i686.manylinux1_i686.manylinux_2_17_i686.manylinux2014_i686.whl", hash = "sha256:e185ec6060e301a7e5f8461c86fb3640a7beb1a0f0208ffde7a65ec4074931df", size = 74990 },
    { url = "https://files.pythonhosted.org/packages/cd/c7/b8c89bf5ca5c4e6a2d0565d149d549cdb4cffb8916d1d1b546b62fb79281/wrapt-1.17.0-cp310-cp310-manylinux_2_5_x86_64.manylinux1_x86_64.manylinux_2_17_x86_64.manylinux2014_x86_64.whl", hash = "sha256:bb90765dd91aed05b53cd7a87bd7f5c188fcd95960914bae0d32c5e7f899719d", size = 82712 },
    { url = "https://files.pythonhosted.org/packages/19/7c/5977aefa8460906c1ff914fd42b11cf6c09ded5388e46e1cc6cea4ab15e9/wrapt-1.17.0-cp310-cp310-musllinux_1_2_aarch64.whl", hash = "sha256:879591c2b5ab0a7184258274c42a126b74a2c3d5a329df16d69f9cee07bba6ea", size = 81705 },
    { url = "https://files.pythonhosted.org/packages/ae/e7/233402d7bd805096bb4a8ec471f5a141421a01de3c8c957cce569772c056/wrapt-1.17.0-cp310-cp310-musllinux_1_2_i686.whl", hash = "sha256:fce6fee67c318fdfb7f285c29a82d84782ae2579c0e1b385b7f36c6e8074fffb", size = 74636 },
    { url = "https://files.pythonhosted.org/packages/93/81/b6c32d8387d9cfbc0134f01585dee7583315c3b46dfd3ae64d47693cd078/wrapt-1.17.0-cp310-cp310-musllinux_1_2_x86_64.whl", hash = "sha256:0698d3a86f68abc894d537887b9bbf84d29bcfbc759e23f4644be27acf6da301", size = 81299 },
    { url = "https://files.pythonhosted.org/packages/d1/c3/1fae15d453468c98f09519076f8d401b476d18d8d94379e839eed14c4c8b/wrapt-1.17.0-cp310-cp310-win32.whl", hash = "sha256:69d093792dc34a9c4c8a70e4973a3361c7a7578e9cd86961b2bbf38ca71e4e22", size = 36425 },
    { url = "https://files.pythonhosted.org/packages/c6/f4/77e0886c95556f2b4caa8908ea8eb85f713fc68296a2113f8c63d50fe0fb/wrapt-1.17.0-cp310-cp310-win_amd64.whl", hash = "sha256:f28b29dc158ca5d6ac396c8e0a2ef45c4e97bb7e65522bfc04c989e6fe814575", size = 38748 },
    { url = "https://files.pythonhosted.org/packages/0e/40/def56538acddc2f764c157d565b9f989072a1d2f2a8e384324e2e104fc7d/wrapt-1.17.0-cp311-cp311-macosx_11_0_arm64.whl", hash = "sha256:74bf625b1b4caaa7bad51d9003f8b07a468a704e0644a700e936c357c17dd45a", size = 38766 },
    { url = "https://files.pythonhosted.org/packages/89/e2/8c299f384ae4364193724e2adad99f9504599d02a73ec9199bf3f406549d/wrapt-1.17.0-cp311-cp311-manylinux_2_17_aarch64.manylinux2014_aarch64.whl", hash = "sha256:0f2a28eb35cf99d5f5bd12f5dd44a0f41d206db226535b37b0c60e9da162c3ed", size = 83730 },
    { url = "https://files.pythonhosted.org/packages/29/ef/fcdb776b12df5ea7180d065b28fa6bb27ac785dddcd7202a0b6962bbdb47/wrapt-1.17.0-cp311-cp311-manylinux_2_5_i686.manylinux1_i686.manylinux_2_17_i686.manylinux2014_i686.whl", hash = "sha256:81b1289e99cf4bad07c23393ab447e5e96db0ab50974a280f7954b071d41b489", size = 75470 },
    { url = "https://files.pythonhosted.org/packages/55/b5/698bd0bf9fbb3ddb3a2feefbb7ad0dea1205f5d7d05b9cbab54f5db731aa/wrapt-1.17.0-cp311-cp311-manylinux_2_5_x86_64.manylinux1_x86_64.manylinux_2_17_x86_64.manylinux2014_x86_64.whl", hash = "sha256:9f2939cd4a2a52ca32bc0b359015718472d7f6de870760342e7ba295be9ebaf9", size = 83168 },
    { url = "https://files.pythonhosted.org/packages/ce/07/701a5cee28cb4d5df030d4b2649319e36f3d9fdd8000ef1d84eb06b9860d/wrapt-1.17.0-cp311-cp311-musllinux_1_2_aarch64.whl", hash = "sha256:6a9653131bda68a1f029c52157fd81e11f07d485df55410401f745007bd6d339", size = 82307 },
    { url = "https://files.pythonhosted.org/packages/42/92/c48ba92cda6f74cb914dc3c5bba9650dc80b790e121c4b987f3a46b028f5/wrapt-1.17.0-cp311-cp311-musllinux_1_2_i686.whl", hash = "sha256:4e4b4385363de9052dac1a67bfb535c376f3d19c238b5f36bddc95efae15e12d", size = 75101 },
    { url = "https://files.pythonhosted.org/packages/8a/0a/9276d3269334138b88a2947efaaf6335f61d547698e50dff672ade24f2c6/wrapt-1.17.0-cp311-cp311-musllinux_1_2_x86_64.whl", hash = "sha256:bdf62d25234290db1837875d4dceb2151e4ea7f9fff2ed41c0fde23ed542eb5b", size = 81835 },
    { url = "https://files.pythonhosted.org/packages/b9/4c/39595e692753ef656ea94b51382cc9aea662fef59d7910128f5906486f0e/wrapt-1.17.0-cp311-cp311-win32.whl", hash = "sha256:5d8fd17635b262448ab8f99230fe4dac991af1dabdbb92f7a70a6afac8a7e346", size = 36412 },
    { url = "https://files.pythonhosted.org/packages/63/bb/c293a67fb765a2ada48f48cd0f2bb957da8161439da4c03ea123b9894c02/wrapt-1.17.0-cp311-cp311-win_amd64.whl", hash = "sha256:92a3d214d5e53cb1db8b015f30d544bc9d3f7179a05feb8f16df713cecc2620a", size = 38744 },
    { url = "https://files.pythonhosted.org/packages/85/82/518605474beafff11f1a34759f6410ab429abff9f7881858a447e0d20712/wrapt-1.17.0-cp312-cp312-macosx_11_0_arm64.whl", hash = "sha256:89fc28495896097622c3fc238915c79365dd0ede02f9a82ce436b13bd0ab7569", size = 38904 },
    { url = "https://files.pythonhosted.org/packages/80/6c/17c3b2fed28edfd96d8417c865ef0b4c955dc52c4e375d86f459f14340f1/wrapt-1.17.0-cp312-cp312-manylinux_2_17_aarch64.manylinux2014_aarch64.whl", hash = "sha256:875d240fdbdbe9e11f9831901fb8719da0bd4e6131f83aa9f69b96d18fae7504", size = 88622 },
    { url = "https://files.pythonhosted.org/packages/4a/11/60ecdf3b0fd3dca18978d89acb5d095a05f23299216e925fcd2717c81d93/wrapt-1.17.0-cp312-cp312-manylinux_2_5_i686.manylinux1_i686.manylinux_2_17_i686.manylinux2014_i686.whl", hash = "sha256:e5ed16d95fd142e9c72b6c10b06514ad30e846a0d0917ab406186541fe68b451", size = 80920 },
    { url = "https://files.pythonhosted.org/packages/d2/50/dbef1a651578a3520d4534c1e434989e3620380c1ad97e309576b47f0ada/wrapt-1.17.0-cp312-cp312-manylinux_2_5_x86_64.manylinux1_x86_64.manylinux_2_17_x86_64.manylinux2014_x86_64.whl", hash = "sha256:18b956061b8db634120b58f668592a772e87e2e78bc1f6a906cfcaa0cc7991c1", size = 89170 },
    { url = "https://files.pythonhosted.org/packages/44/a2/78c5956bf39955288c9e0dd62e807b308c3aa15a0f611fbff52aa8d6b5ea/wrapt-1.17.0-cp312-cp312-musllinux_1_2_aarch64.whl", hash = "sha256:daba396199399ccabafbfc509037ac635a6bc18510ad1add8fd16d4739cdd106", size = 86748 },
    { url = "https://files.pythonhosted.org/packages/99/49/2ee413c78fc0bdfebe5bee590bf3becdc1fab0096a7a9c3b5c9666b2415f/wrapt-1.17.0-cp312-cp312-musllinux_1_2_i686.whl", hash = "sha256:4d63f4d446e10ad19ed01188d6c1e1bb134cde8c18b0aa2acfd973d41fcc5ada", size = 79734 },
    { url = "https://files.pythonhosted.org/packages/c0/8c/4221b7b270e36be90f0930fe15a4755a6ea24093f90b510166e9ed7861ea/wrapt-1.17.0-cp312-cp312-musllinux_1_2_x86_64.whl", hash = "sha256:8a5e7cc39a45fc430af1aefc4d77ee6bad72c5bcdb1322cfde852c15192b8bd4", size = 87552 },
    { url = "https://files.pythonhosted.org/packages/4c/6b/1aaccf3efe58eb95e10ce8e77c8909b7a6b0da93449a92c4e6d6d10b3a3d/wrapt-1.17.0-cp312-cp312-win32.whl", hash = "sha256:0a0a1a1ec28b641f2a3a2c35cbe86c00051c04fffcfcc577ffcdd707df3f8635", size = 36647 },
    { url = "https://files.pythonhosted.org/packages/b3/4f/243f88ac49df005b9129194c6511b3642818b3e6271ddea47a15e2ee4934/wrapt-1.17.0-cp312-cp312-win_amd64.whl", hash = "sha256:3c34f6896a01b84bab196f7119770fd8466c8ae3dfa73c59c0bb281e7b588ce7", size = 38830 },
    { url = "https://files.pythonhosted.org/packages/67/9c/38294e1bb92b055222d1b8b6591604ca4468b77b1250f59c15256437644f/wrapt-1.17.0-cp313-cp313-macosx_11_0_arm64.whl", hash = "sha256:714c12485aa52efbc0fc0ade1e9ab3a70343db82627f90f2ecbc898fdf0bb181", size = 38904 },
    { url = "https://files.pythonhosted.org/packages/78/b6/76597fb362cbf8913a481d41b14b049a8813cd402a5d2f84e57957c813ae/wrapt-1.17.0-cp313-cp313-manylinux_2_17_aarch64.manylinux2014_aarch64.whl", hash = "sha256:da427d311782324a376cacb47c1a4adc43f99fd9d996ffc1b3e8529c4074d393", size = 88608 },
    { url = "https://files.pythonhosted.org/packages/bc/69/b500884e45b3881926b5f69188dc542fb5880019d15c8a0df1ab1dfda1f7/wrapt-1.17.0-cp313-cp313-manylinux_2_5_i686.manylinux1_i686.manylinux_2_17_i686.manylinux2014_i686.whl", hash = "sha256:ba1739fb38441a27a676f4de4123d3e858e494fac05868b7a281c0a383c098f4", size = 80879 },
    { url = "https://files.pythonhosted.org/packages/52/31/f4cc58afe29eab8a50ac5969963010c8b60987e719c478a5024bce39bc42/wrapt-1.17.0-cp313-cp313-manylinux_2_5_x86_64.manylinux1_x86_64.manylinux_2_17_x86_64.manylinux2014_x86_64.whl", hash = "sha256:e711fc1acc7468463bc084d1b68561e40d1eaa135d8c509a65dd534403d83d7b", size = 89119 },
    { url = "https://files.pythonhosted.org/packages/aa/9c/05ab6bf75dbae7a9d34975fb6ee577e086c1c26cde3b6cf6051726d33c7c/wrapt-1.17.0-cp313-cp313-musllinux_1_2_aarch64.whl", hash = "sha256:140ea00c87fafc42739bd74a94a5a9003f8e72c27c47cd4f61d8e05e6dec8721", size = 86778 },
    { url = "https://files.pythonhosted.org/packages/0e/6c/4b8d42e3db355603d35fe5c9db79c28f2472a6fd1ccf4dc25ae46739672a/wrapt-1.17.0-cp313-cp313-musllinux_1_2_i686.whl", hash = "sha256:73a96fd11d2b2e77d623a7f26e004cc31f131a365add1ce1ce9a19e55a1eef90", size = 79793 },
    { url = "https://files.pythonhosted.org/packages/69/23/90e3a2ee210c0843b2c2a49b3b97ffcf9cad1387cb18cbeef9218631ed5a/wrapt-1.17.0-cp313-cp313-musllinux_1_2_x86_64.whl", hash = "sha256:0b48554952f0f387984da81ccfa73b62e52817a4386d070c75e4db7d43a28c4a", size = 87606 },
    { url = "https://files.pythonhosted.org/packages/5f/06/3683126491ca787d8d71d8d340e775d40767c5efedb35039d987203393b7/wrapt-1.17.0-cp313-cp313-win32.whl", hash = "sha256:498fec8da10e3e62edd1e7368f4b24aa362ac0ad931e678332d1b209aec93045", size = 36651 },
    { url = "https://files.pythonhosted.org/packages/f1/bc/3bf6d2ca0d2c030d324ef9272bea0a8fdaff68f3d1fa7be7a61da88e51f7/wrapt-1.17.0-cp313-cp313-win_amd64.whl", hash = "sha256:fd136bb85f4568fffca995bd3c8d52080b1e5b225dbf1c2b17b66b4c5fa02838", size = 38835 },
    { url = "https://files.pythonhosted.org/packages/ce/b5/251165c232d87197a81cd362eeb5104d661a2dd3aa1f0b33e4bf61dda8b8/wrapt-1.17.0-cp313-cp313t-macosx_11_0_arm64.whl", hash = "sha256:17fcf043d0b4724858f25b8826c36e08f9fb2e475410bece0ec44a22d533da9b", size = 40146 },
    { url = "https://files.pythonhosted.org/packages/89/33/1e1bdd3e866eeb73d8c4755db1ceb8a80d5bd51ee4648b3f2247adec4e67/wrapt-1.17.0-cp313-cp313t-manylinux_2_17_aarch64.manylinux2014_aarch64.whl", hash = "sha256:e4a557d97f12813dc5e18dad9fa765ae44ddd56a672bb5de4825527c847d6379", size = 113444 },
    { url = "https://files.pythonhosted.org/packages/9f/7c/94f53b065a43f5dc1fbdd8b80fd8f41284315b543805c956619c0b8d92f0/wrapt-1.17.0-cp313-cp313t-manylinux_2_5_i686.manylinux1_i686.manylinux_2_17_i686.manylinux2014_i686.whl", hash = "sha256:0229b247b0fc7dee0d36176cbb79dbaf2a9eb7ecc50ec3121f40ef443155fb1d", size = 101246 },
    { url = "https://files.pythonhosted.org/packages/62/5d/640360baac6ea6018ed5e34e6e80e33cfbae2aefde24f117587cd5efd4b7/wrapt-1.17.0-cp313-cp313t-manylinux_2_5_x86_64.manylinux1_x86_64.manylinux_2_17_x86_64.manylinux2014_x86_64.whl", hash = "sha256:8425cfce27b8b20c9b89d77fb50e368d8306a90bf2b6eef2cdf5cd5083adf83f", size = 109320 },
    { url = "https://files.pythonhosted.org/packages/e3/cf/6c7a00ae86a2e9482c91170aefe93f4ccda06c1ac86c4de637c69133da59/wrapt-1.17.0-cp313-cp313t-musllinux_1_2_aarch64.whl", hash = "sha256:9c900108df470060174108012de06d45f514aa4ec21a191e7ab42988ff42a86c", size = 110193 },
    { url = "https://files.pythonhosted.org/packages/cd/cc/aa718df0d20287e8f953ce0e2f70c0af0fba1d3c367db7ee8bdc46ea7003/wrapt-1.17.0-cp313-cp313t-musllinux_1_2_i686.whl", hash = "sha256:4e547b447073fc0dbfcbff15154c1be8823d10dab4ad401bdb1575e3fdedff1b", size = 100460 },
    { url = "https://files.pythonhosted.org/packages/f7/16/9f3ac99fe1f6caaa789d67b4e3c562898b532c250769f5255fa8b8b93983/wrapt-1.17.0-cp313-cp313t-musllinux_1_2_x86_64.whl", hash = "sha256:914f66f3b6fc7b915d46c1cc424bc2441841083de01b90f9e81109c9759e43ab", size = 106347 },
    { url = "https://files.pythonhosted.org/packages/64/85/c77a331b2c06af49a687f8b926fc2d111047a51e6f0b0a4baa01ff3a673a/wrapt-1.17.0-cp313-cp313t-win32.whl", hash = "sha256:a4192b45dff127c7d69b3bdfb4d3e47b64179a0b9900b6351859f3001397dabf", size = 37971 },
    { url = "https://files.pythonhosted.org/packages/05/9b/b2469f8be9efed24283fd7b9eeb8e913e9bc0715cf919ea8645e428ab7af/wrapt-1.17.0-cp313-cp313t-win_amd64.whl", hash = "sha256:4f643df3d4419ea3f856c5c3f40fec1d65ea2e89ec812c83f7767c8730f9827a", size = 40755 },
    { url = "https://files.pythonhosted.org/packages/71/da/1c12502da116b379e511c39d95cdc8f886ace2f3478217cde9494d38ca58/wrapt-1.17.0-cp38-cp38-macosx_11_0_arm64.whl", hash = "sha256:69c40d4655e078ede067a7095544bcec5a963566e17503e75a3a3e0fe2803b13", size = 38712 },
    { url = "https://files.pythonhosted.org/packages/8a/b0/66f3e53c77257a505aaf7ef6d1b75ff7c8bb6a9da3d96f6aaa5810cd2f33/wrapt-1.17.0-cp38-cp38-manylinux_2_17_aarch64.manylinux2014_aarch64.whl", hash = "sha256:2f495b6754358979379f84534f8dd7a43ff8cff2558dcdea4a148a6e713a758f", size = 86199 },
    { url = "https://files.pythonhosted.org/packages/08/4e/313f99f271557cc85b6ba086fb9a0d785d0373f237f30d0b4a4d14c7daed/wrapt-1.17.0-cp38-cp38-manylinux_2_5_i686.manylinux1_i686.manylinux_2_17_i686.manylinux2014_i686.whl", hash = "sha256:baa7ef4e0886a6f482e00d1d5bcd37c201b383f1d314643dfb0367169f94f04c", size = 78073 },
    { url = "https://files.pythonhosted.org/packages/e1/62/5b50c324082081337c2b38daf4bae1de66e87eb126c754b0fa153b3525af/wrapt-1.17.0-cp38-cp38-manylinux_2_5_x86_64.manylinux1_x86_64.manylinux_2_17_x86_64.manylinux2014_x86_64.whl", hash = "sha256:a8fc931382e56627ec4acb01e09ce66e5c03c384ca52606111cee50d931a342d", size = 85555 },
    { url = "https://files.pythonhosted.org/packages/eb/d2/31bb2c9362d84153d7597a471b22250783bf86be1a01c1acaba3bf7a0e01/wrapt-1.17.0-cp38-cp38-musllinux_1_2_aarch64.whl", hash = "sha256:8f8909cdb9f1b237786c09a810e24ee5e15ef17019f7cecb207ce205b9b5fcce", size = 83892 },
    { url = "https://files.pythonhosted.org/packages/eb/54/f43889a2c787f2b8ac989461c0d2011f0ff69811ebf9b84796cc671aed63/wrapt-1.17.0-cp38-cp38-musllinux_1_2_i686.whl", hash = "sha256:ad47b095f0bdc5585bced35bd088cbfe4177236c7df9984b3cc46b391cc60627", size = 76869 },
    { url = "https://files.pythonhosted.org/packages/aa/37/0fbed8e67bd10b6f8835047abb6f42b8870689af45d7ae581946f1685468/wrapt-1.17.0-cp38-cp38-musllinux_1_2_x86_64.whl", hash = "sha256:948a9bd0fb2c5120457b07e59c8d7210cbc8703243225dbd78f4dfc13c8d2d1f", size = 83564 },
    { url = "https://files.pythonhosted.org/packages/ef/3c/40db3a234871eda0a7eb48001d025474ed9fde85fd992eefda154ebc4632/wrapt-1.17.0-cp38-cp38-win32.whl", hash = "sha256:5ae271862b2142f4bc687bdbfcc942e2473a89999a54231aa1c2c676e28f29ea", size = 36407 },
    { url = "https://files.pythonhosted.org/packages/67/71/b9ce92b7820e9bd8e2c727d806a2e4e8c9d2a3e839ffadde2d0e44d84c0b/wrapt-1.17.0-cp38-cp38-win_amd64.whl", hash = "sha256:f335579a1b485c834849e9075191c9898e0731af45705c2ebf70e0cd5d58beed", size = 38706 },
    { url = "https://files.pythonhosted.org/packages/89/03/518069f0708573c02cbba3a3e452be3642dc7d984d0a03a47e0850e2fb05/wrapt-1.17.0-cp39-cp39-macosx_11_0_arm64.whl", hash = "sha256:d751300b94e35b6016d4b1e7d0e7bbc3b5e1751e2405ef908316c2a9024008a1", size = 38765 },
    { url = "https://files.pythonhosted.org/packages/60/01/12dd81522f8c1c953e98e2cbf356ff44fbb06ef0f7523cd622ac06ad7f03/wrapt-1.17.0-cp39-cp39-manylinux_2_17_aarch64.manylinux2014_aarch64.whl", hash = "sha256:7264cbb4a18dc4acfd73b63e4bcfec9c9802614572025bdd44d0721983fc1d9c", size = 83012 },
    { url = "https://files.pythonhosted.org/packages/c4/2d/9853fe0009271b2841f839eb0e707c6b4307d169375f26c58812ecf4fd71/wrapt-1.17.0-cp39-cp39-manylinux_2_5_i686.manylinux1_i686.manylinux_2_17_i686.manylinux2014_i686.whl", hash = "sha256:33539c6f5b96cf0b1105a0ff4cf5db9332e773bb521cc804a90e58dc49b10578", size = 74759 },
    { url = "https://files.pythonhosted.org/packages/94/5c/03c911442b01b50e364572581430e12f82c3f5ea74d302907c1449d7ba36/wrapt-1.17.0-cp39-cp39-manylinux_2_5_x86_64.manylinux1_x86_64.manylinux_2_17_x86_64.manylinux2014_x86_64.whl", hash = "sha256:c30970bdee1cad6a8da2044febd824ef6dc4cc0b19e39af3085c763fdec7de33", size = 82540 },
    { url = "https://files.pythonhosted.org/packages/52/e0/ef637448514295a6b3a01cf1dff417e081e7b8cf1eb712839962459af1f6/wrapt-1.17.0-cp39-cp39-musllinux_1_2_aarch64.whl", hash = "sha256:bc7f729a72b16ee21795a943f85c6244971724819819a41ddbaeb691b2dd85ad", size = 81461 },
    { url = "https://files.pythonhosted.org/packages/7f/44/8b7d417c3aae3a35ccfe361375ee3e452901c91062e5462e1aeef98255e8/wrapt-1.17.0-cp39-cp39-musllinux_1_2_i686.whl", hash = "sha256:6ff02a91c4fc9b6a94e1c9c20f62ea06a7e375f42fe57587f004d1078ac86ca9", size = 74380 },
    { url = "https://files.pythonhosted.org/packages/af/a9/e65406a9c3a99162055efcb6bf5e0261924381228c0a7608066805da03df/wrapt-1.17.0-cp39-cp39-musllinux_1_2_x86_64.whl", hash = "sha256:2dfb7cff84e72e7bf975b06b4989477873dcf160b2fd89959c629535df53d4e0", size = 81057 },
    { url = "https://files.pythonhosted.org/packages/55/0c/111d42fb658a2f9ed7024cd5e57c08521d61646a256a3946db7d500c1551/wrapt-1.17.0-cp39-cp39-win32.whl", hash = "sha256:2399408ac33ffd5b200480ee858baa58d77dd30e0dd0cab6a8a9547135f30a88", size = 36415 },
    { url = "https://files.pythonhosted.org/packages/00/33/e7b14a7c06cedfaae064f34e95c95350de7cc10187ac173743e30a956b30/wrapt-1.17.0-cp39-cp39-win_amd64.whl", hash = "sha256:4f763a29ee6a20c529496a20a7bcb16a73de27f5da6a843249c7047daf135977", size = 38742 },
    { url = "https://files.pythonhosted.org/packages/4b/d9/a8ba5e9507a9af1917285d118388c5eb7a81834873f45df213a6fe923774/wrapt-1.17.0-py3-none-any.whl", hash = "sha256:d2c63b93548eda58abf5188e505ffed0229bf675f7c3090f8e36ad55b8cbc371", size = 23592 },
]

[[package]]
name = "zipp"
version = "3.20.2"
source = { registry = "https://pypi.org/simple" }
sdist = { url = "https://files.pythonhosted.org/packages/54/bf/5c0000c44ebc80123ecbdddba1f5dcd94a5ada602a9c225d84b5aaa55e86/zipp-3.20.2.tar.gz", hash = "sha256:bc9eb26f4506fda01b81bcde0ca78103b6e62f991b381fec825435c836edbc29", size = 24199 }
wheels = [
    { url = "https://files.pythonhosted.org/packages/62/8b/5ba542fa83c90e09eac972fc9baca7a88e7e7ca4b221a89251954019308b/zipp-3.20.2-py3-none-any.whl", hash = "sha256:a817ac80d6cf4b23bf7f2828b7cabf326f15a001bea8b1f9b49631780ba28350", size = 9200 },
]
